Microsoft Visual Studio Solution File, Format Version 12.00
# Visual Studio Version 17
VisualStudioVersion = 17.5.2.0
MinimumVisualStudioVersion = 10.0.40219.1
Project("{FAE04EC0-301F-11D3-BF4B-00C04F79EFBC}") = "ecs", "ecs.csproj", "{3FB33279-C01C-16F7-0458-62143BA33271}"
EndProject
Global
	GlobalSection(SolutionConfigurationPlatforms) = preSolution
		Debug|Any CPU = Debug|Any CPU
		Release|Any CPU = Release|Any CPU
	EndGlobalSection
	GlobalSection(ProjectConfigurationPlatforms) = postSolution
		{3FB33279-C01C-16F7-0458-62143BA33271}.Debug|Any CPU.ActiveCfg = Debug|Any CPU
		{3FB33279-C01C-16F7-0458-62143BA33271}.Debug|Any CPU.Build.0 = Debug|Any CPU
		{3FB33279-C01C-16F7-0458-62143BA33271}.Release|Any CPU.ActiveCfg = Release|Any CPU
		{3FB33279-C01C-16F7-0458-62143BA33271}.Release|Any CPU.Build.0 = Release|Any CPU
	EndGlobalSection
	GlobalSection(SolutionProperties) = preSolution
		HideSolutionNode = FALSE
	EndGlobalSection
	GlobalSection(ExtensibilityGlobals) = postSolution
		SolutionGuid = {67996C83-CF9C-458F-85C1-E3EBF08810A2}
	EndGlobalSection
EndGlobal
